
Microsoft Visual Studio Solution File, Format Version 12.00
# Visual Studio 15
VisualStudioVersion = 15.0.27130.2036
MinimumVisualStudioVersion = 10.0.40219.1
Project("{FAE04EC0-301F-11D3-BF4B-00C04F79EFBC}") = "Orchestrator", "Orchestrator.csproj", "{956CF5F0-4F04-4788-B3D6-5E93DA9FEAE6}"
EndProject
Project("{FAE04EC0-301F-11D3-BF4B-00C04F79EFBC}") = "Nodes", "..\Nodes\Nodes.csproj", "{D28A6ACD-506D-4AB9-B550-8D852533B509}"
EndProject
Project("{2150E333-8FDC-42A3-9474-1A3956D46DE8}") = "Common", "Common", "{BCBA05A3-8EB7-4A24-A5A1-ED1F7F423EE0}"
	ProjectSection(SolutionItems) = preProject
		IConnexionSocket.cs = IConnexionSocket.cs
		Noeud.cs = Noeud.cs
		BufferObjet.cs = BufferObjet.cs
	EndProjectSection
EndProject
Global
	GlobalSection(SolutionConfigurationPlatforms) = preSolution
		Debug|Any CPU = Debug|Any CPU
		Release|Any CPU = Release|Any CPU
	EndGlobalSection
	GlobalSection(ProjectConfigurationPlatforms) = postSolution
		{956CF5F0-4F04-4788-B3D6-5E93DA9FEAE6}.Debug|Any CPU.ActiveCfg = Debug|Any CPU
		{956CF5F0-4F04-4788-B3D6-5E93DA9FEAE6}.Debug|Any CPU.Build.0 = Debug|Any CPU
		{956CF5F0-4F04-4788-B3D6-5E93DA9FEAE6}.Release|Any CPU.ActiveCfg = Release|Any CPU
		{956CF5F0-4F04-4788-B3D6-5E93DA9FEAE6}.Release|Any CPU.Build.0 = Release|Any CPU
		{D28A6ACD-506D-4AB9-B550-8D852533B509}.Debug|Any CPU.ActiveCfg = Debug|Any CPU
		{D28A6ACD-506D-4AB9-B550-8D852533B509}.Debug|Any CPU.Build.0 = Debug|Any CPU
		{D28A6ACD-506D-4AB9-B550-8D852533B509}.Release|Any CPU.ActiveCfg = Release|Any CPU
		{D28A6ACD-506D-4AB9-B550-8D852533B509}.Release|Any CPU.Build.0 = Release|Any CPU
	EndGlobalSection
	GlobalSection(SolutionProperties) = preSolution
		HideSolutionNode = FALSE
	EndGlobalSection
	GlobalSection(ExtensibilityGlobals) = postSolution
		SolutionGuid = {202FCA5D-F58D-46E6-9CCB-E9F214E32DA6}
	EndGlobalSection
EndGlobal
